{
  "version": "2",
  "remote": {
    "https://deno.land/std@0.179.0/_util/asserts.ts": "178dfc49a464aee693a7e285567b3d0b555dc805ff490505a8aae34f9cfb1462",
    "https://deno.land/std@0.179.0/_util/os.ts": "d932f56d41e4f6a6093d56044e29ce637f8dcc43c5a90af43504a889cf1775e3",
    "https://deno.land/std@0.179.0/bytes/copy.ts": "939d89e302a9761dcf1d9c937c7711174ed74c59eef40a1e4569a05c9de88219",
    "https://deno.land/std@0.179.0/io/buffer.ts": "e2b7564f684dad625cab08f5106f33572d325705d19a36822b3272fbdfb8f726",
    "https://deno.land/std@0.179.0/path/_constants.ts": "e49961f6f4f48039c0dfed3c3f93e963ca3d92791c9d478ac5b43183413136e0",
    "https://deno.land/std@0.179.0/path/_interface.ts": "6471159dfbbc357e03882c2266d21ef9afdb1e4aa771b0545e90db58a0ba314b",
    "https://deno.land/std@0.179.0/path/_util.ts": "d7abb1e0dea065f427b89156e28cdeb32b045870acdf865833ba808a73b576d0",
    "https://deno.land/std@0.179.0/path/common.ts": "ee7505ab01fd22de3963b64e46cff31f40de34f9f8de1fff6a1bd2fe79380000",
    "https://deno.land/std@0.179.0/path/glob.ts": "d479e0a695621c94d3fd7fe7abd4f9499caf32a8de13f25073451c6ef420a4e1",
    "https://deno.land/std@0.179.0/path/mod.ts": "4b83694ac500d7d31b0cdafc927080a53dc0c3027eb2895790fb155082b0d232",
    "https://deno.land/std@0.179.0/path/posix.ts": "8b7c67ac338714b30c816079303d0285dd24af6b284f7ad63da5b27372a2c94d",
    "https://deno.land/std@0.179.0/path/separator.ts": "0fb679739d0d1d7bf45b68dacfb4ec7563597a902edbaf3c59b50d5bcadd93b1",
    "https://deno.land/std@0.179.0/path/win32.ts": "d186344e5583bcbf8b18af416d13d82b35a317116e6460a5a3953508c3de5bba",
    "https://deno.land/std@0.179.0/types.d.ts": "220ed56662a0bd393ba5d124aa6ae2ad36a00d2fcbc0e8666a65f4606aaa9784",
    "https://deno.land/x/fs_db@2.0.9/deps.ts": "f40e949ba7cb81b7c80c3dbdb15aa5f8b5ac652489c87555d37084fcffedfc84",
    "https://deno.land/x/fs_db@2.0.9/directory.ts": "8beddcc9ba17f8c85b47ad21bd6b5a8dcb8865655ed99acb8a17b1e6d514b418",
    "https://deno.land/x/fs_db@2.0.9/i-directory.ts": "eeccf1bf5161f20dc1070e3f4c7eb65aa2bd23663a09064def8aae55957d1b7a",
    "https://deno.land/x/fs_db@2.0.9/mocked-directory.ts": "3cede8f4dc60d5598046e5542cead34567cbe9c9c10d94c2cb624e3804f6d01e",
    "https://deno.land/x/fs_db@2.0.9/mod.ts": "3178c38aebb305dd7f143e42539d5e6f5969ced0fde35f93dc0b2ef5425b32dd",
    "https://deno.land/x/moulding_tin@0.0.5/data-types/array.ts": "fa3b9243f09cb32bf07259d2769c56a8e8d5bebb58ec4f305327f25ebe83161b",
    "https://deno.land/x/moulding_tin@0.0.5/data-types/ascii.ts": "70f591e59435de481977e38ab309b340adf1f60acd00fd2f8e1e8b66239539c0",
    "https://deno.land/x/moulding_tin@0.0.5/data-types/base.ts": "6635ddbcdfae10ec57e279196d71560f27b224254d93aa71d82491a206b9d80e",
    "https://deno.land/x/moulding_tin@0.0.5/data-types/bool.ts": "486d31edff648fa1179923398be2e7f02101ceaef3b6b591696665359e0c8110",
    "https://deno.land/x/moulding_tin@0.0.5/data-types/buffer-extra.ts": "20324355e09d6a182dc750d34c3261a8a33092884386548a6dedbbae9b4d83ec",
    "https://deno.land/x/moulding_tin@0.0.5/data-types/buffer.ts": "27b19317808e59bb11dfd196a500f37929167fc52ead40f336ee5f111af82a6e",
    "https://deno.land/x/moulding_tin@0.0.5/data-types/char.ts": "b8805192e471fe2057fadcfebe4fa0ee165e417f843320ee5474bbe2b821783c",
    "https://deno.land/x/moulding_tin@0.0.5/data-types/date-time.ts": "f047e86acba0bc12e737bdf70b759fe061e4b7389e1eb88fdc391c7959dde876",
    "https://deno.land/x/moulding_tin@0.0.5/data-types/double.ts": "a0dc074509a912739c689b3cfa1c953694bbe056d3e8e06ce73d13645ff122f1",
    "https://deno.land/x/moulding_tin@0.0.5/data-types/empty.ts": "fb6f9d1baa22228a186b4c0f899c5cbf31f071bd76d7784fb9db8d740210d743",
    "https://deno.land/x/moulding_tin@0.0.5/data-types/float.ts": "c4341de7043c669e7b4b3509b2e847d9507d524898f9279c0565aaa58507ab16",
    "https://deno.land/x/moulding_tin@0.0.5/data-types/int.ts": "fff24597044b0b50ea5449c14bc287e089ec589e22d31a7397d28b403aef10f8",
    "https://deno.land/x/moulding_tin@0.0.5/data-types/intersection.ts": "8a861059965c453b5b861488d7c547476750f932278b63176feb7429e1b26629",
    "https://deno.land/x/moulding_tin@0.0.5/data-types/literal.ts": "010961c35f17abcfda84c70f0698bf379d19974ff52e5e87c0304cf0db4f1e4e",
    "https://deno.land/x/moulding_tin@0.0.5/data-types/long.ts": "eaf73d13c7029446f51b00ca75e5be2052f3ec84b99f1733f75a46dd40de7ed0",
    "https://deno.land/x/moulding_tin@0.0.5/data-types/optional.ts": "eab1414924443d3eab5d4e9d3d0e496fb9910695499b7aab373bf639350e1455",
    "https://deno.land/x/moulding_tin@0.0.5/data-types/record.ts": "fdd04e169c9a110dca736965de4fa99e972a5350a875df7ffdd3c616f57ab3af",
    "https://deno.land/x/moulding_tin@0.0.5/data-types/short.ts": "ea76e3ed19de97d33be48d4df466a62a905acf0026f36aadc6312b335ad9cfab",
    "https://deno.land/x/moulding_tin@0.0.5/data-types/struct.ts": "37c67db6d770fbcdb8e8e297bfc34879a1635e517cede20812cbfcb5120bf351",
    "https://deno.land/x/moulding_tin@0.0.5/data-types/u-char.ts": "2695e7658ddbf07f671d76c987af1e1bc65bd88907995a4b0b838aab1c6b330d",
    "https://deno.land/x/moulding_tin@0.0.5/data-types/u-int.ts": "01b404db94a912e57a7e4716bbf7109dd92fd5ee5db00f02e075b3e5c5603f00",
    "https://deno.land/x/moulding_tin@0.0.5/data-types/u-long.ts": "e876a8daf1025880950251cb6ee225df1289b8d215ac1569d1fe7ae20eb573aa",
    "https://deno.land/x/moulding_tin@0.0.5/data-types/u-short.ts": "c955e34441a865fa1462b407689b94103a73d3bc962b4af3878bb5689d5794ac",
    "https://deno.land/x/moulding_tin@0.0.5/data-types/union.ts": "612ef9d31012de43c91068071b200e1e4b503be2446091c0c0af5bc0cf88cbac",
    "https://deno.land/x/moulding_tin@0.0.5/data-types/utf-8.ts": "0b7538084bcd31970297f2186b96fabd8bb055bc81b1cd24338f3e9c7678054d",
    "https://deno.land/x/moulding_tin@0.0.5/deps.ts": "58121af3f04d9e3ff6484311bff8093ee81a9dd03540ff4f021b373578e67525",
    "https://deno.land/x/moulding_tin@0.0.5/mod.ts": "3f52f550eb675df94844475fae127c44ef312153c4ed6c80b1f177e987925722",
    "https://deno.land/x/moulding_tin@1.1.0/data-types/array.ts": "ffdcb0664ccbb6b4e2e99bef7e1bfe1e6d727c64a75fe6d92f337ec4c44fec81",
    "https://deno.land/x/moulding_tin@1.1.0/data-types/ascii.ts": "21ab80597238a50c1bea7f4834434b16dd47d141abc70eacd28178540279ea17",
    "https://deno.land/x/moulding_tin@1.1.0/data-types/base.ts": "8818d399c172a15ee41ac8e909ec850dfd0c35ebb76e812b861209f70cd91630",
    "https://deno.land/x/moulding_tin@1.1.0/data-types/bool.ts": "1450d4abed542f821f90fac2a73cfd4e63d6c5fc4f14e2261e00b191629e7957",
    "https://deno.land/x/moulding_tin@1.1.0/data-types/buffer-extra.ts": "e817c3c503ab0319698d38f9d90315fd5e29fd534ed4b9a4c87c2bdc9fde369c",
    "https://deno.land/x/moulding_tin@1.1.0/data-types/buffer.ts": "edc2155b054a8e5ad3dbfed415339c3f44dec8e6585e210bd8afee3d0f7a720b",
    "https://deno.land/x/moulding_tin@1.1.0/data-types/char.ts": "4a6662cae1b28ad1f17760c6030356c59139e499cb8d40feb73234517dff713e",
    "https://deno.land/x/moulding_tin@1.1.0/data-types/date-time.ts": "b9a04392c06be3442f7270ad1a2eab0d5eb59314726d21e561215dc8f860dcb8",
    "https://deno.land/x/moulding_tin@1.1.0/data-types/double.ts": "0c6ccb99a338e19da6e5f25df3f1e55830144dc6a33c07b9be3b0ac8732a6882",
    "https://deno.land/x/moulding_tin@1.1.0/data-types/empty.ts": "4fb72e57c5fdf82a9d2287d7b2285cd3a408dfe13647be3b34c1222409a2134a",
    "https://deno.land/x/moulding_tin@1.1.0/data-types/float.ts": "7dc2198233649eb3b03fe3f2fd884f09a5ce7f176ead9b984bd034bc92698a05",
    "https://deno.land/x/moulding_tin@1.1.0/data-types/int.ts": "a0fe6977a6cf31384e081279e6210e1424d533fbf34de09dea6ec7a4ff270d75",
    "https://deno.land/x/moulding_tin@1.1.0/data-types/intersection.ts": "3cd918e6afbb6abe7b2bfe9b4852e99f1c7f0675647e238fd55ddba324b856d8",
    "https://deno.land/x/moulding_tin@1.1.0/data-types/literal.ts": "1c36a463fee29281968243070376e9edcd2d09d293d42a0e2ad1460cdb0898c3",
    "https://deno.land/x/moulding_tin@1.1.0/data-types/long.ts": "014e0c728453f20e90ed1fb5beb9242b1512fe8e2fd26eaa4c231274fd9535d6",
    "https://deno.land/x/moulding_tin@1.1.0/data-types/optional.ts": "13ccb0b75c691703ff5f6a574df5910da80054b52b6475f0ef73022e36b4acd1",
    "https://deno.land/x/moulding_tin@1.1.0/data-types/record.ts": "cc0acf28f50594a49b4feeacaf7ad8384b8862688741134304b9565bf75e144a",
    "https://deno.land/x/moulding_tin@1.1.0/data-types/short.ts": "ab9f4dfb008cac206f6b621a1129efee8a1c697a20e4ab910b16edeaccac5f2f",
    "https://deno.land/x/moulding_tin@1.1.0/data-types/struct.ts": "5f10173820281db6f0e37a305dce40e4853d43d2482cc70eb122a5871e1911fb",
    "https://deno.land/x/moulding_tin@1.1.0/data-types/u-char.ts": "aabaee1ce1e3ee36e853494911cc7fb2d7d9329a729953d7ef4b79f3d28a4f53",
    "https://deno.land/x/moulding_tin@1.1.0/data-types/u-int.ts": "97fa1c602b0e41fc1eb61668e3da4cef68501ab98318831dc08ae6e8adb3b12a",
    "https://deno.land/x/moulding_tin@1.1.0/data-types/u-long.ts": "84b9feff8b7110194304933dfcd8b1f2ce4e126d5ebd3458f74bbb4e42c56b88",
    "https://deno.land/x/moulding_tin@1.1.0/data-types/u-short.ts": "3bba2e9c09ec8d21a26f12a8d7348fc463e64608b01559719fb671ceff21d9b9",
    "https://deno.land/x/moulding_tin@1.1.0/data-types/union.ts": "e5328b464df36ea81a3e7974854976e3e3dc2e3bc6e55199df95aece3de44665",
    "https://deno.land/x/moulding_tin@1.1.0/data-types/utf-8.ts": "979d8ef42a63ca11807cb3c892224acab650dc4b792568d188c6ed49e2eca931",
    "https://deno.land/x/moulding_tin@1.1.0/data-types/utils.ts": "8e1eb342038aeca0d43ba1e6955e08d8726c0359af37e0db3395bb047d952ed3",
    "https://deno.land/x/moulding_tin@1.1.0/mod.ts": "7b95ed1d8dba86613f36d03639cddfd554ce47dfb385d402c4b225bf43b6b304",
    "https://deno.land/x/type_guard@2.3.1/index.ts": "04f012ea5f043b4bbe1aa85c66cc0c1c4e8e7e5ec47a626af449099bcc2f0398",
    "https://deno.land/x/type_guard@2.3.3/index.ts": "59c0f2c0140432d4ecda25cf04b201e945cf51dd706eb5a8df1c2996f8bd14a4"
  }
}
