{
  "version": "2",
  "remote": {
    "https://deno.land/std@0.133.0/_deno_unstable.ts": "23a1a36928f1b6d3b0170aaa67de09af12aa998525f608ff7331b9fb364cbde6",
    "https://deno.land/std@0.133.0/_util/assert.ts": "e94f2eb37cebd7f199952e242c77654e43333c1ac4c5c700e929ea3aa5489f74",
    "https://deno.land/std@0.133.0/_util/os.ts": "49b92edea1e82ba295ec946de8ffd956ed123e2948d9bd1d3e901b04e4307617",
    "https://deno.land/std@0.133.0/fs/_util.ts": "0fb24eb4bfebc2c194fb1afdb42b9c3dda12e368f43e8f2321f84fc77d42cb0f",
    "https://deno.land/std@0.133.0/fs/copy.ts": "9248d1492599957af8c693ceb10a432b09f0b0b61c60a4d6aff29b0c7d3a17b3",
    "https://deno.land/std@0.133.0/fs/empty_dir.ts": "7274d87160de34cbed0531e284df383045cf43543bbeadeb97feac598bd8f3c5",
    "https://deno.land/std@0.133.0/fs/ensure_dir.ts": "9dc109c27df4098b9fc12d949612ae5c9c7169507660dcf9ad90631833209d9d",
    "https://deno.land/std@0.133.0/fs/ensure_file.ts": "7d353e64fee3d4d1e7c6b6726a2a5e987ba402c15fb49566309042887349c545",
    "https://deno.land/std@0.133.0/fs/ensure_link.ts": "489e23df9fe3e6636048b5830ddf0f111eb29621eb85719255ad9bd645f3471b",
    "https://deno.land/std@0.133.0/fs/ensure_symlink.ts": "88dc83de1bc90ed883dd458c2d2eae3d5834a4617d12925734836e1f0803b274",
    "https://deno.land/std@0.133.0/fs/eol.ts": "b92f0b88036de507e7e6fbedbe8f666835ea9dcbf5ac85917fa1fadc919f83a5",
    "https://deno.land/std@0.133.0/fs/exists.ts": "cb734d872f8554ea40b8bff77ad33d4143c1187eac621a55bf37781a43c56f6d",
    "https://deno.land/std@0.133.0/fs/expand_glob.ts": "0c10130d67c9b02164b03df8e43c6d6defbf8e395cb69d09e84a8586e6d72ac3",
    "https://deno.land/std@0.133.0/fs/mod.ts": "4dc052c461c171abb5c25f6e0f218ab838a716230930b534ba351745864b7d6d",
    "https://deno.land/std@0.133.0/fs/move.ts": "0573cedcf583f09a9494f2dfccbf67de68a93629942d6b5e6e74a9e45d4e8a2e",
    "https://deno.land/std@0.133.0/fs/walk.ts": "117403ccd21fd322febe56ba06053b1ad5064c802170f19b1ea43214088fe95f",
    "https://deno.land/std@0.133.0/path/_constants.ts": "df1db3ffa6dd6d1252cc9617e5d72165cd2483df90e93833e13580687b6083c3",
    "https://deno.land/std@0.133.0/path/_interface.ts": "ee3b431a336b80cf445441109d089b70d87d5e248f4f90ff906820889ecf8d09",
    "https://deno.land/std@0.133.0/path/_util.ts": "c1e9686d0164e29f7d880b2158971d805b6e0efc3110d0b3e24e4b8af2190d2b",
    "https://deno.land/std@0.133.0/path/common.ts": "bee563630abd2d97f99d83c96c2fa0cca7cee103e8cb4e7699ec4d5db7bd2633",
    "https://deno.land/std@0.133.0/path/glob.ts": "cb5255638de1048973c3e69e420c77dc04f75755524cb3b2e160fe9277d939ee",
    "https://deno.land/std@0.133.0/path/mod.ts": "4275129bb766f0e475ecc5246aa35689eeade419d72a48355203f31802640be7",
    "https://deno.land/std@0.133.0/path/posix.ts": "663e4a6fe30a145f56aa41a22d95114c4c5582d8b57d2d7c9ed27ad2c47636bb",
    "https://deno.land/std@0.133.0/path/separator.ts": "fe1816cb765a8068afb3e8f13ad272351c85cbc739af56dacfc7d93d710fe0f9",
    "https://deno.land/std@0.133.0/path/win32.ts": "e7bdf63e8d9982b4d8a01ef5689425c93310ece950e517476e22af10f41a136e",
    "https://deno.land/std@0.161.0/encoding/base64.ts": "c57868ca7fa2fbe919f57f88a623ad34e3d970d675bdc1ff3a9d02bba7409db2",
    "https://deno.land/std@0.161.0/encoding/base64url.ts": "a5f82a9fa703bd85a5eb8e7c1296bc6529e601ebd9642cc2b5eaa6b38fa9e05a",
    "https://deno.land/std@0.165.0/_util/asserts.ts": "d0844e9b62510f89ce1f9878b046f6a57bf88f208a10304aab50efcb48365272",
    "https://deno.land/std@0.165.0/_util/os.ts": "8a33345f74990e627b9dfe2de9b040004b08ea5146c7c9e8fe9a29070d193934",
    "https://deno.land/std@0.165.0/path/_constants.ts": "df1db3ffa6dd6d1252cc9617e5d72165cd2483df90e93833e13580687b6083c3",
    "https://deno.land/std@0.165.0/path/_interface.ts": "ee3b431a336b80cf445441109d089b70d87d5e248f4f90ff906820889ecf8d09",
    "https://deno.land/std@0.165.0/path/_util.ts": "d16be2a16e1204b65f9d0dfc54a9bc472cafe5f4a190b3c8471ec2016ccd1677",
    "https://deno.land/std@0.165.0/path/common.ts": "bee563630abd2d97f99d83c96c2fa0cca7cee103e8cb4e7699ec4d5db7bd2633",
    "https://deno.land/std@0.165.0/path/glob.ts": "cb5255638de1048973c3e69e420c77dc04f75755524cb3b2e160fe9277d939ee",
    "https://deno.land/std@0.165.0/path/mod.ts": "56fec03ad0ebd61b6ab39ddb9b0ddb4c4a5c9f2f4f632e09dd37ec9ebfd722ac",
    "https://deno.land/std@0.165.0/path/posix.ts": "6b63de7097e68c8663c84ccedc0fd977656eb134432d818ecd3a4e122638ac24",
    "https://deno.land/std@0.165.0/path/separator.ts": "fe1816cb765a8068afb3e8f13ad272351c85cbc739af56dacfc7d93d710fe0f9",
    "https://deno.land/std@0.165.0/path/win32.ts": "7cebd2bda6657371adc00061a1d23fdd87bcdf64b4843bb148b0b24c11b40f69",
    "https://deno.land/std@0.179.0/_util/asserts.ts": "178dfc49a464aee693a7e285567b3d0b555dc805ff490505a8aae34f9cfb1462",
    "https://deno.land/std@0.179.0/_util/os.ts": "d932f56d41e4f6a6093d56044e29ce637f8dcc43c5a90af43504a889cf1775e3",
    "https://deno.land/std@0.179.0/bytes/copy.ts": "939d89e302a9761dcf1d9c937c7711174ed74c59eef40a1e4569a05c9de88219",
    "https://deno.land/std@0.179.0/io/buffer.ts": "e2b7564f684dad625cab08f5106f33572d325705d19a36822b3272fbdfb8f726",
    "https://deno.land/std@0.179.0/path/_constants.ts": "e49961f6f4f48039c0dfed3c3f93e963ca3d92791c9d478ac5b43183413136e0",
    "https://deno.land/std@0.179.0/path/_interface.ts": "6471159dfbbc357e03882c2266d21ef9afdb1e4aa771b0545e90db58a0ba314b",
    "https://deno.land/std@0.179.0/path/_util.ts": "d7abb1e0dea065f427b89156e28cdeb32b045870acdf865833ba808a73b576d0",
    "https://deno.land/std@0.179.0/path/common.ts": "ee7505ab01fd22de3963b64e46cff31f40de34f9f8de1fff6a1bd2fe79380000",
    "https://deno.land/std@0.179.0/path/glob.ts": "d479e0a695621c94d3fd7fe7abd4f9499caf32a8de13f25073451c6ef420a4e1",
    "https://deno.land/std@0.179.0/path/mod.ts": "4b83694ac500d7d31b0cdafc927080a53dc0c3027eb2895790fb155082b0d232",
    "https://deno.land/std@0.179.0/path/posix.ts": "8b7c67ac338714b30c816079303d0285dd24af6b284f7ad63da5b27372a2c94d",
    "https://deno.land/std@0.179.0/path/separator.ts": "0fb679739d0d1d7bf45b68dacfb4ec7563597a902edbaf3c59b50d5bcadd93b1",
    "https://deno.land/std@0.179.0/path/win32.ts": "d186344e5583bcbf8b18af416d13d82b35a317116e6460a5a3953508c3de5bba",
    "https://deno.land/std@0.179.0/types.d.ts": "220ed56662a0bd393ba5d124aa6ae2ad36a00d2fcbc0e8666a65f4606aaa9784",
    "https://deno.land/std@0.181.0/_util/asserts.ts": "178dfc49a464aee693a7e285567b3d0b555dc805ff490505a8aae34f9cfb1462",
    "https://deno.land/std@0.181.0/_util/os.ts": "d932f56d41e4f6a6093d56044e29ce637f8dcc43c5a90af43504a889cf1775e3",
    "https://deno.land/std@0.181.0/media_types/_db.ts": "7606d83e31f23ce1a7968cbaee852810c2cf477903a095696cdc62eaab7ce570",
    "https://deno.land/std@0.181.0/media_types/_util.ts": "916efbd30b6148a716f110e67a4db29d6949bf4048997b754415dd7e42c52378",
    "https://deno.land/std@0.181.0/media_types/content_type.ts": "ad98a5aa2d95f5965b2796072284258710a25e520952376ed432b0937ce743bc",
    "https://deno.land/std@0.181.0/media_types/extension.ts": "a7cd28c9417143387cdfed27d4e8607ebcf5b1ec27eb8473d5b000144689fe65",
    "https://deno.land/std@0.181.0/media_types/extensions_by_type.ts": "43806d6a52a0d6d965ada9d20e60a982feb40bc7a82268178d94edb764694fed",
    "https://deno.land/std@0.181.0/media_types/format_media_type.ts": "f5e1073c05526a6f5a516ac5c5587a1abd043bf1039c71cde1166aa4328c8baf",
    "https://deno.land/std@0.181.0/media_types/get_charset.ts": "18b88274796fda5d353806bf409eb1d2ddb3f004eb4bd311662c4cdd8ac173db",
    "https://deno.land/std@0.181.0/media_types/mod.ts": "d3f0b99f85053bc0b98ecc24eaa3546dfa09b856dc0bbaf60d8956d2cdd710c8",
    "https://deno.land/std@0.181.0/media_types/parse_media_type.ts": "835c4112e1357e95b4f10d7cdea5ae1801967e444f48673ff8f1cb4d32af9920",
    "https://deno.land/std@0.181.0/media_types/type_by_extension.ts": "daa801eb0f11cdf199445d0f1b656cf116d47dcf9e5b85cc1e6b4469f5ee0432",
    "https://deno.land/std@0.181.0/media_types/vendor/mime-db.v1.52.0.ts": "6925bbcae81ca37241e3f55908d0505724358cda3384eaea707773b2c7e99586",
    "https://deno.land/std@0.181.0/path/_constants.ts": "e49961f6f4f48039c0dfed3c3f93e963ca3d92791c9d478ac5b43183413136e0",
    "https://deno.land/std@0.181.0/path/_interface.ts": "6471159dfbbc357e03882c2266d21ef9afdb1e4aa771b0545e90db58a0ba314b",
    "https://deno.land/std@0.181.0/path/_util.ts": "d7abb1e0dea065f427b89156e28cdeb32b045870acdf865833ba808a73b576d0",
    "https://deno.land/std@0.181.0/path/common.ts": "ee7505ab01fd22de3963b64e46cff31f40de34f9f8de1fff6a1bd2fe79380000",
    "https://deno.land/std@0.181.0/path/glob.ts": "d479e0a695621c94d3fd7fe7abd4f9499caf32a8de13f25073451c6ef420a4e1",
    "https://deno.land/std@0.181.0/path/mod.ts": "bf718f19a4fdd545aee1b06409ca0805bd1b68ecf876605ce632e932fe54510c",
    "https://deno.land/std@0.181.0/path/posix.ts": "8b7c67ac338714b30c816079303d0285dd24af6b284f7ad63da5b27372a2c94d",
    "https://deno.land/std@0.181.0/path/separator.ts": "0fb679739d0d1d7bf45b68dacfb4ec7563597a902edbaf3c59b50d5bcadd93b1",
    "https://deno.land/std@0.181.0/path/win32.ts": "d186344e5583bcbf8b18af416d13d82b35a317116e6460a5a3953508c3de5bba",
    "https://deno.land/std@0.182.0/encoding/base64.ts": "144ae6234c1fbe5b68666c711dc15b1e9ee2aef6d42b3b4345bf9a6c91d70d0d",
    "https://deno.land/x/bcrypt@v0.4.1/mod.ts": "ff09bdae282583cf5f7d87efe37ddcecef7f14f6d12e8b8066a3058db8c6c2f7",
    "https://deno.land/x/bcrypt@v0.4.1/src/bcrypt/base64.ts": "b8266450a4f1eb6960f60f2f7986afc4dde6b45bd2d7ee7ba10789e67e17b9f7",
    "https://deno.land/x/bcrypt@v0.4.1/src/bcrypt/bcrypt.ts": "ec221648cc6453ea5e3803bc817c01157dada06aa6f7a0ba6b9f87aae32b21e2",
    "https://deno.land/x/bcrypt@v0.4.1/src/main.ts": "08d201b289c8d9c46f8839c69cd6625b213863db29775c7a200afc3b540e64f8",
    "https://deno.land/x/bcrypt@v0.4.1/src/worker.ts": "5a73bdfee9c9e622f47c9733d374b627dce52fb3ec1e74c8226698b3fc57ffac",
    "https://deno.land/x/counter_top@0.0.2/Interfacing/AppServer.ts": "1585bff1ab94f706423e0dd0b82c057832561b9b7d00d748c34359c7853fbf59",
    "https://deno.land/x/counter_top@0.0.2/Interfacing/MessageTypes.ts": "8d1d5ffc94154dafbde7aa31279a0d135623f5685051eadb0fb481f34008572c",
    "https://deno.land/x/counter_top@0.0.2/Interfacing/WorkerServer.ts": "72b10bcf5e9dd9a4951310b6c97bbdc099df997225db3bcd9b5d506bd759578c",
    "https://deno.land/x/counter_top@0.0.2/Lib/OsSchema.ts": "293fcd69321883d31e2b008c49aef6546d8200e5c5f827fa669642f19b221df6",
    "https://deno.land/x/counter_top@0.0.2/app_utils.ts": "63b7483a8d79551b24f1374ebefb8ff249175d29256239e8591e4b2efe6f948f",
    "https://deno.land/x/counter_top@0.0.2/deps/fs_db.ts": "d3ddfb204f023dfbaa88ee8c867db9def1416e09adfa97f2959bd88a4478490e",
    "https://deno.land/x/counter_top@0.0.2/deps/moulding_tin.ts": "9a009fe3713e27003b8d979cf31a4a2bb1301c75dfd1a32e21afa4814bb2ce46",
    "https://deno.land/x/counter_top@0.0.2/deps/type_guard.ts": "b4f854265221ed206baf8cab2a1e2498a3f0324055b2bd996437227b2da98901",
    "https://deno.land/x/deepmergets@v4.2.2/dist/deno/deepmerge.ts": "7b15036b14c0aa2cb00e8eac7acb3454f08dd8433edb0e87210018d34a5f40f2",
    "https://deno.land/x/deepmergets@v4.2.2/dist/deno/index.ts": "1d8a75ba9d2c204d67de0a724b1b83de64a65df40b0c606f5aec7109463466bd",
    "https://deno.land/x/deepmergets@v4.2.2/dist/deno/types/defaults.ts": "bd7e615fa4b72fd14f12438deae419b238b76ec179752c345669ea7ca4ff0d1c",
    "https://deno.land/x/deepmergets@v4.2.2/dist/deno/types/index.ts": "276d75bf9fb8d338bd84ed0357ea12a52a6b4da06c0a499c0e8ccbd4b57cf093",
    "https://deno.land/x/deepmergets@v4.2.2/dist/deno/types/merging.ts": "d8ce62b034324dd76491acf1a7bd39762ed16bb31b10a0990bbdb7a9177b526f",
    "https://deno.land/x/deepmergets@v4.2.2/dist/deno/types/options.ts": "07e4eda5147dc72e7343fb75e891b9ea4d430b8f2fcb556ef086d63dc8914e30",
    "https://deno.land/x/deepmergets@v4.2.2/dist/deno/types/utils.ts": "4c540899d9cc8442d641ce63b4805772094a47724a4632c3a7af80d9027f8554",
    "https://deno.land/x/deepmergets@v4.2.2/dist/deno/utils.ts": "d46e181e249e28fb10885d499ab6f12a07c386d498c2e08376b1651a07a3a7a3",
    "https://deno.land/x/djwt@v2.8/algorithm.ts": "fa4c7354ab9f4808d38104fdc6f21c8270f65f109ed84136d4fe31a4504426d4",
    "https://deno.land/x/djwt@v2.8/deps.ts": "261b7b6bfe2602329d8f9de2938c2a898cd6dfa746b3454ae415df2c53e6ae4d",
    "https://deno.land/x/djwt@v2.8/mod.ts": "7abba8518688e88648882a95161b42391ac6043c142b1ab491b36f712189e1e1",
    "https://deno.land/x/djwt@v2.8/signature.ts": "a5649368a4b433b2810e7d47f53661fe3b0f7fe1778cb49234ceae3d6e861185",
    "https://deno.land/x/djwt@v2.8/util.ts": "0d78272bd23a4656ceabe137d496fcca37cf3de36212477642aa5d85a880d87a",
    "https://deno.land/x/dotenv@v3.2.2/load.ts": "cbd76a0aee01aad8d09222afaa1dd04b84d9d3e44637503b01bf77a91df9e041",
    "https://deno.land/x/dotenv@v3.2.2/mod.ts": "077b48773de9205266a0b44c3c3a3c3083449ed64bb0b6cc461b95720678d38e",
    "https://deno.land/x/dotenv@v3.2.2/util.ts": "693730877b13f8ead2b79b2aa31e2a0652862f7dc0c5f6d2f313f4d39c7b7670",
    "https://deno.land/x/fs_db@2.0.8/deps.ts": "e0790a389830d42207add606523ece77d5c31493af921e62bb3c931b7c53cd2d",
    "https://deno.land/x/fs_db@2.0.8/directory.ts": "ea2203751ca961357fca99f4b90ba1777534b3d78064692698cfbb66c36349d9",
    "https://deno.land/x/fs_db@2.0.8/i-directory.ts": "9f48e94477a0f4fb0ef7d4c6ff2b718bdc451c8df62c7f6904136d9aac2bfe1d",
    "https://deno.land/x/fs_db@2.0.8/mocked-directory.ts": "3cede8f4dc60d5598046e5542cead34567cbe9c9c10d94c2cb624e3804f6d01e",
    "https://deno.land/x/fs_db@2.0.8/mod.ts": "3178c38aebb305dd7f143e42539d5e6f5969ced0fde35f93dc0b2ef5425b32dd",
    "https://deno.land/x/fs_db@2.0.9/deps.ts": "f40e949ba7cb81b7c80c3dbdb15aa5f8b5ac652489c87555d37084fcffedfc84",
    "https://deno.land/x/fs_db@2.0.9/directory.ts": "8beddcc9ba17f8c85b47ad21bd6b5a8dcb8865655ed99acb8a17b1e6d514b418",
    "https://deno.land/x/fs_db@2.0.9/i-directory.ts": "eeccf1bf5161f20dc1070e3f4c7eb65aa2bd23663a09064def8aae55957d1b7a",
    "https://deno.land/x/fs_db@2.0.9/mocked-directory.ts": "3cede8f4dc60d5598046e5542cead34567cbe9c9c10d94c2cb624e3804f6d01e",
    "https://deno.land/x/fs_db@2.0.9/mod.ts": "3178c38aebb305dd7f143e42539d5e6f5969ced0fde35f93dc0b2ef5425b32dd",
    "https://deno.land/x/moulding_tin@0.0.4/data-types/array.ts": "fa3b9243f09cb32bf07259d2769c56a8e8d5bebb58ec4f305327f25ebe83161b",
    "https://deno.land/x/moulding_tin@0.0.4/data-types/ascii.ts": "70f591e59435de481977e38ab309b340adf1f60acd00fd2f8e1e8b66239539c0",
    "https://deno.land/x/moulding_tin@0.0.4/data-types/base.ts": "6635ddbcdfae10ec57e279196d71560f27b224254d93aa71d82491a206b9d80e",
    "https://deno.land/x/moulding_tin@0.0.4/data-types/bool.ts": "486d31edff648fa1179923398be2e7f02101ceaef3b6b591696665359e0c8110",
    "https://deno.land/x/moulding_tin@0.0.4/data-types/buffer-extra.ts": "20324355e09d6a182dc750d34c3261a8a33092884386548a6dedbbae9b4d83ec",
    "https://deno.land/x/moulding_tin@0.0.4/data-types/buffer.ts": "27b19317808e59bb11dfd196a500f37929167fc52ead40f336ee5f111af82a6e",
    "https://deno.land/x/moulding_tin@0.0.4/data-types/char.ts": "b8805192e471fe2057fadcfebe4fa0ee165e417f843320ee5474bbe2b821783c",
    "https://deno.land/x/moulding_tin@0.0.4/data-types/date-time.ts": "b8a820bbe22bf99bed0e6314c70cd620c645d27c6976caae5a835eacddffa1e0",
    "https://deno.land/x/moulding_tin@0.0.4/data-types/double.ts": "a0dc074509a912739c689b3cfa1c953694bbe056d3e8e06ce73d13645ff122f1",
    "https://deno.land/x/moulding_tin@0.0.4/data-types/empty.ts": "fb6f9d1baa22228a186b4c0f899c5cbf31f071bd76d7784fb9db8d740210d743",
    "https://deno.land/x/moulding_tin@0.0.4/data-types/float.ts": "c4341de7043c669e7b4b3509b2e847d9507d524898f9279c0565aaa58507ab16",
    "https://deno.land/x/moulding_tin@0.0.4/data-types/int.ts": "fff24597044b0b50ea5449c14bc287e089ec589e22d31a7397d28b403aef10f8",
    "https://deno.land/x/moulding_tin@0.0.4/data-types/intersection.ts": "8a861059965c453b5b861488d7c547476750f932278b63176feb7429e1b26629",
    "https://deno.land/x/moulding_tin@0.0.4/data-types/literal.ts": "010961c35f17abcfda84c70f0698bf379d19974ff52e5e87c0304cf0db4f1e4e",
    "https://deno.land/x/moulding_tin@0.0.4/data-types/long.ts": "eaf73d13c7029446f51b00ca75e5be2052f3ec84b99f1733f75a46dd40de7ed0",
    "https://deno.land/x/moulding_tin@0.0.4/data-types/optional.ts": "eab1414924443d3eab5d4e9d3d0e496fb9910695499b7aab373bf639350e1455",
    "https://deno.land/x/moulding_tin@0.0.4/data-types/record.ts": "fdd04e169c9a110dca736965de4fa99e972a5350a875df7ffdd3c616f57ab3af",
    "https://deno.land/x/moulding_tin@0.0.4/data-types/short.ts": "ea76e3ed19de97d33be48d4df466a62a905acf0026f36aadc6312b335ad9cfab",
    "https://deno.land/x/moulding_tin@0.0.4/data-types/struct.ts": "37c67db6d770fbcdb8e8e297bfc34879a1635e517cede20812cbfcb5120bf351",
    "https://deno.land/x/moulding_tin@0.0.4/data-types/u-char.ts": "2695e7658ddbf07f671d76c987af1e1bc65bd88907995a4b0b838aab1c6b330d",
    "https://deno.land/x/moulding_tin@0.0.4/data-types/u-int.ts": "01b404db94a912e57a7e4716bbf7109dd92fd5ee5db00f02e075b3e5c5603f00",
    "https://deno.land/x/moulding_tin@0.0.4/data-types/u-long.ts": "e876a8daf1025880950251cb6ee225df1289b8d215ac1569d1fe7ae20eb573aa",
    "https://deno.land/x/moulding_tin@0.0.4/data-types/u-short.ts": "c955e34441a865fa1462b407689b94103a73d3bc962b4af3878bb5689d5794ac",
    "https://deno.land/x/moulding_tin@0.0.4/data-types/union.ts": "612ef9d31012de43c91068071b200e1e4b503be2446091c0c0af5bc0cf88cbac",
    "https://deno.land/x/moulding_tin@0.0.4/data-types/utf-8.ts": "0b7538084bcd31970297f2186b96fabd8bb055bc81b1cd24338f3e9c7678054d",
    "https://deno.land/x/moulding_tin@0.0.4/deps.ts": "58121af3f04d9e3ff6484311bff8093ee81a9dd03540ff4f021b373578e67525",
    "https://deno.land/x/moulding_tin@0.0.4/mod.ts": "3f52f550eb675df94844475fae127c44ef312153c4ed6c80b1f177e987925722",
    "https://deno.land/x/moulding_tin@0.0.5/data-types/array.ts": "fa3b9243f09cb32bf07259d2769c56a8e8d5bebb58ec4f305327f25ebe83161b",
    "https://deno.land/x/moulding_tin@0.0.5/data-types/ascii.ts": "70f591e59435de481977e38ab309b340adf1f60acd00fd2f8e1e8b66239539c0",
    "https://deno.land/x/moulding_tin@0.0.5/data-types/base.ts": "6635ddbcdfae10ec57e279196d71560f27b224254d93aa71d82491a206b9d80e",
    "https://deno.land/x/moulding_tin@0.0.5/data-types/bool.ts": "486d31edff648fa1179923398be2e7f02101ceaef3b6b591696665359e0c8110",
    "https://deno.land/x/moulding_tin@0.0.5/data-types/buffer-extra.ts": "20324355e09d6a182dc750d34c3261a8a33092884386548a6dedbbae9b4d83ec",
    "https://deno.land/x/moulding_tin@0.0.5/data-types/buffer.ts": "27b19317808e59bb11dfd196a500f37929167fc52ead40f336ee5f111af82a6e",
    "https://deno.land/x/moulding_tin@0.0.5/data-types/char.ts": "b8805192e471fe2057fadcfebe4fa0ee165e417f843320ee5474bbe2b821783c",
    "https://deno.land/x/moulding_tin@0.0.5/data-types/date-time.ts": "f047e86acba0bc12e737bdf70b759fe061e4b7389e1eb88fdc391c7959dde876",
    "https://deno.land/x/moulding_tin@0.0.5/data-types/double.ts": "a0dc074509a912739c689b3cfa1c953694bbe056d3e8e06ce73d13645ff122f1",
    "https://deno.land/x/moulding_tin@0.0.5/data-types/empty.ts": "fb6f9d1baa22228a186b4c0f899c5cbf31f071bd76d7784fb9db8d740210d743",
    "https://deno.land/x/moulding_tin@0.0.5/data-types/float.ts": "c4341de7043c669e7b4b3509b2e847d9507d524898f9279c0565aaa58507ab16",
    "https://deno.land/x/moulding_tin@0.0.5/data-types/int.ts": "fff24597044b0b50ea5449c14bc287e089ec589e22d31a7397d28b403aef10f8",
    "https://deno.land/x/moulding_tin@0.0.5/data-types/intersection.ts": "8a861059965c453b5b861488d7c547476750f932278b63176feb7429e1b26629",
    "https://deno.land/x/moulding_tin@0.0.5/data-types/literal.ts": "010961c35f17abcfda84c70f0698bf379d19974ff52e5e87c0304cf0db4f1e4e",
    "https://deno.land/x/moulding_tin@0.0.5/data-types/long.ts": "eaf73d13c7029446f51b00ca75e5be2052f3ec84b99f1733f75a46dd40de7ed0",
    "https://deno.land/x/moulding_tin@0.0.5/data-types/optional.ts": "eab1414924443d3eab5d4e9d3d0e496fb9910695499b7aab373bf639350e1455",
    "https://deno.land/x/moulding_tin@0.0.5/data-types/record.ts": "fdd04e169c9a110dca736965de4fa99e972a5350a875df7ffdd3c616f57ab3af",
    "https://deno.land/x/moulding_tin@0.0.5/data-types/short.ts": "ea76e3ed19de97d33be48d4df466a62a905acf0026f36aadc6312b335ad9cfab",
    "https://deno.land/x/moulding_tin@0.0.5/data-types/struct.ts": "37c67db6d770fbcdb8e8e297bfc34879a1635e517cede20812cbfcb5120bf351",
    "https://deno.land/x/moulding_tin@0.0.5/data-types/u-char.ts": "2695e7658ddbf07f671d76c987af1e1bc65bd88907995a4b0b838aab1c6b330d",
    "https://deno.land/x/moulding_tin@0.0.5/data-types/u-int.ts": "01b404db94a912e57a7e4716bbf7109dd92fd5ee5db00f02e075b3e5c5603f00",
    "https://deno.land/x/moulding_tin@0.0.5/data-types/u-long.ts": "e876a8daf1025880950251cb6ee225df1289b8d215ac1569d1fe7ae20eb573aa",
    "https://deno.land/x/moulding_tin@0.0.5/data-types/u-short.ts": "c955e34441a865fa1462b407689b94103a73d3bc962b4af3878bb5689d5794ac",
    "https://deno.land/x/moulding_tin@0.0.5/data-types/union.ts": "612ef9d31012de43c91068071b200e1e4b503be2446091c0c0af5bc0cf88cbac",
    "https://deno.land/x/moulding_tin@0.0.5/data-types/utf-8.ts": "0b7538084bcd31970297f2186b96fabd8bb055bc81b1cd24338f3e9c7678054d",
    "https://deno.land/x/moulding_tin@0.0.5/deps.ts": "58121af3f04d9e3ff6484311bff8093ee81a9dd03540ff4f021b373578e67525",
    "https://deno.land/x/moulding_tin@0.0.5/mod.ts": "3f52f550eb675df94844475fae127c44ef312153c4ed6c80b1f177e987925722",
    "https://deno.land/x/puristee@2.1.0/arrayable-record.ts": "e47514d2e51b8e43d5beca677843be59d1c68a477a5a172643fc8275da5fc7e4",
    "https://deno.land/x/puristee@2.1.0/cookies.ts": "63a0ac1e56d0128ed6a432b2e689ed5489c6569c93b072ce19e4de9429b0a656",
    "https://deno.land/x/puristee@2.1.0/deps.ts": "790701d7585045a393c62d845dd6088fb51d08ddf547073b6cdc07f471b64a93",
    "https://deno.land/x/puristee@2.1.0/handler-store.ts": "bb4372840889eebf14fbf9f553235d562821f299a960164883df84ecf98b72ca",
    "https://deno.land/x/puristee@2.1.0/handler.ts": "fd219e3142ebd444e0d1d699de2ceb6f0e7a7b31bc5ddd86ee24a195a9b25901",
    "https://deno.land/x/puristee@2.1.0/jsx.ts": "bb727cc48ac73baa0c7e28133c5b0f42b31723daf53f2d0b925b4717336cdde9",
    "https://deno.land/x/puristee@2.1.0/middleware.ts": "ec2fa9f97bddc38f8d8255dfdd135e5ea7dd072168701780a38618580a0a2a27",
    "https://deno.land/x/puristee@2.1.0/mime-type.ts": "b05045689936450e4a20ca771cfd3d0f1585d9be6c8958f40d4b87bd394c3261",
    "https://deno.land/x/puristee@2.1.0/mod.ts": "9afdc58e325741b76987a06480991e05e1f2ce5841e3ce13a49ca71ea182babf",
    "https://deno.land/x/puristee@2.1.0/pattern.ts": "2159b8dd78292624ea13c62656576e6dc1d0d788f27ab663aa611f9023d0792f",
    "https://deno.land/x/puristee@2.1.0/providers.ts": "cb056aca2c0b2832ee9dc30adae13e863aa91156fe663bfc54581f82c03c337d",
    "https://deno.land/x/puristee@2.1.0/pure-request.ts": "c9a98b5c6db5edd2551316dcd1c5c384d8c0a8ee52f137ad3a248e0b8b751dfe",
    "https://deno.land/x/puristee@2.1.0/response-applier.ts": "e523e02f97d94f7213c644a7a1d2e50c9b93cfc4f165fb22ec614a5bae883a3d",
    "https://deno.land/x/puristee@2.1.0/server.ts": "7189c360d5fe1844eb56c0e342233b19d314e74b57e047bf94655611a1802851",
    "https://deno.land/x/puristee@2.1.0/set-cookies.ts": "32397b456f89e70c554d26d6919cf269865a758735b3849c55844fce7cebe078",
    "https://deno.land/x/puristee@2.1.0/test-request.ts": "5a55ec3448b01037db195a8c143983194dcb0bb7893da9e11f8eb68bcf37e79d",
    "https://deno.land/x/puristee@2.1.0/util-types.ts": "b7fc7a2566ede404345ccd70f03f0fb8145eb8d536dfaf369750b9941d5631fa",
    "https://deno.land/x/type_guard@2.3.1/index.ts": "04f012ea5f043b4bbe1aa85c66cc0c1c4e8e7e5ec47a626af449099bcc2f0398",
    "https://deno.land/x/type_guard@2.3.3/index.ts": "59c0f2c0140432d4ecda25cf04b201e945cf51dd706eb5a8df1c2996f8bd14a4",
    "https://deno.land/x/zip@v1.2.5/compress.ts": "43d9f4440960d15a85aec58f5d365acc25530d3d4186b2f5f896c090ecac20e8",
    "https://deno.land/x/zip@v1.2.5/decompress.ts": "0bce3d453726f686274fab3f6c19b72b5e74223a00d89c176b1de49a5dd5528d",
    "https://deno.land/x/zip@v1.2.5/deps.ts": "79548387594b3ae1efaaa870b5a507c4d6bedede13dbd5d4ad42f6cda0aeef86",
    "https://deno.land/x/zip@v1.2.5/mod.ts": "28eecbc3e1e5adf564f4aa465e64268713a05653104bacdcb04561533f8caf57",
    "https://deno.land/x/zip@v1.2.5/utils.ts": "43c323f2b79f9db1976c5739bbb1f9cced20e8077ca7e7e703f9d01d4330bd9d",
    "https://deno.land/x/zipjs@2.6.81/index.d.ts": "b099f9dd6cdaca167c87bafe6c1ea7af1a2204db1d5cdb252e02850a26bc6466",
    "https://deno.land/x/zipjs@2.6.81/index.js": "7c71926e0c9618e48a22d9dce701131704fd3148a1d2eefd5dba1d786c846a5f",
    "https://deno.land/x/zipjs@2.6.81/lib/core/codec-pool.js": "54101f231bcf4f206b050842cf277e71c31cfaccbe789a9b1b1b0b3b3b03e0a2",
    "https://deno.land/x/zipjs@2.6.81/lib/core/codec-worker.js": "0d9f5ac94390aafaa6a51b8615887628b341a858e3dfa179b4b1620d0b71c9b1",
    "https://deno.land/x/zipjs@2.6.81/lib/core/configuration.js": "baa316a63df2f8239f9d52cd4863eaedaddd34ad887b7513588da75d19e84932",
    "https://deno.land/x/zipjs@2.6.81/lib/core/constants.js": "c1aff78c6b9378b26ab4330e85032160ebf1f2d09a99e5e6907626f816e88908",
    "https://deno.land/x/zipjs@2.6.81/lib/core/io.js": "8ae9dd6a987cda416117876eaf81b457528a6827808dcd13c8c4924905c1575f",
    "https://deno.land/x/zipjs@2.6.81/lib/core/streams/aes-crypto-stream.js": "3df0fbc66f55b1ed9dd1e23966fe518e3efe26a13a5b59e1b75208d49973f15c",
    "https://deno.land/x/zipjs@2.6.81/lib/core/streams/codec-stream.js": "a2dff9679b504f6340a8c21112b69d8dc0bf103aeb2cabec7872c9ef43abcd5f",
    "https://deno.land/x/zipjs@2.6.81/lib/core/streams/codecs/crc32.js": "dfdde666f72b4a5ffc8cf5b1451e0db578ce4bd90de20df2cff5bfd47758cb23",
    "https://deno.land/x/zipjs@2.6.81/lib/core/streams/codecs/deflate.js": "5c0058b730ca09044c31c67ae0b56993baae7801807c5ab18b5931ee37d9fe24",
    "https://deno.land/x/zipjs@2.6.81/lib/core/streams/codecs/inflate.js": "769cc7dfd9da81ae3ae2ddae07a7102951c30123ead5e9b8983a134f2d45b417",
    "https://deno.land/x/zipjs@2.6.81/lib/core/streams/codecs/sjcl.js": "462289c5312f01bba8a757a7a0f3d8f349f471183cb4c49fb73d58bba18a5428",
    "https://deno.land/x/zipjs@2.6.81/lib/core/streams/common-crypto.js": "585b35208986d4bfe9b7a02e922a5144fa69be0890d57273c0e74be81dfdb441",
    "https://deno.land/x/zipjs@2.6.81/lib/core/streams/crc32-stream.js": "23b8ae832c77866435dab93319ec39b8af6b38acf737f582f2344716775e9952",
    "https://deno.land/x/zipjs@2.6.81/lib/core/streams/stream-adapter.js": "9e7f3fe1601cc447943cd37b5adb6d74c6e9c404d002e707e8eace7bc048929c",
    "https://deno.land/x/zipjs@2.6.81/lib/core/streams/zip-crypto-stream.js": "7c959f0d47c6b282171e640f5072b4a890027fc25d375da9d130c0d680e79862",
    "https://deno.land/x/zipjs@2.6.81/lib/core/streams/zip-entry-stream.js": "5e645444fa2dc5b1cb88333ecfdbc99cce36d8c66a4610b5116bfd32bfb96199",
    "https://deno.land/x/zipjs@2.6.81/lib/core/util/cp437-decode.js": "d665ded184037ffe5d255be8f379f90416053e3d0d84fac95b28f4aeaab3d336",
    "https://deno.land/x/zipjs@2.6.81/lib/core/util/decode-text.js": "c04a098fa7c16470c48b6abd4eb4ac48af53547de65e7c8f39b78ae62330ad57",
    "https://deno.land/x/zipjs@2.6.81/lib/core/util/default-mime-type.js": "177ae00e1956d3d00cdefc40eb158cb591d3d24ede452c056d30f98d73d9cd73",
    "https://deno.land/x/zipjs@2.6.81/lib/core/util/encode-text.js": "c51a8947c15b7fe31b0036b69fd68817f54b30ce29502b5c9609d8b15e3b20d9",
    "https://deno.land/x/zipjs@2.6.81/lib/core/util/mime-type.js": "7e4f0d516923f7dcf5cd14a0d06e2b7af9dacd160c707afac82f3ce6c69ae287",
    "https://deno.land/x/zipjs@2.6.81/lib/core/util/stream-codec-shim.js": "845c0659c6ab9ed9b03cae452255e4e0a699001e8b45ccae23cb0ece5f91064c",
    "https://deno.land/x/zipjs@2.6.81/lib/core/zip-entry.js": "d30a535cd1e75ef98094cd04120f178c103cdc4055d23ff747ffc6a154da8d2d",
    "https://deno.land/x/zipjs@2.6.81/lib/core/zip-fs-core.js": "de0531dcc13de588a920375245e78921b1c8467804699528d9515aa9692e0e32",
    "https://deno.land/x/zipjs@2.6.81/lib/core/zip-reader.js": "4ad2cf7ec18b57e49388f02df5efa42454c8f4aeb83c780969ed2d18423ffbf2",
    "https://deno.land/x/zipjs@2.6.81/lib/core/zip-writer.js": "d9aee7a2330a7a26460cb8c033db9ebd108bcc3eff4f6cd474cfd19e0e10e09e",
    "https://deno.land/x/zipjs@2.6.81/lib/z-worker-inline.js": "67e91bea6e9e12f1241d59014337eb5a2e6a83ac6b69d3aae99f107176c4db80",
    "https://deno.land/x/zipjs@2.6.81/lib/zip-fs.js": "a733360302f5fbec9cc01543cb9fcfe7bae3f35a50d0006626ce42fe8183b63f"
  }
}
